
Microsoft Visual Studio Solution File, Format Version 12.00
# Visual Studio Version 16
VisualStudioVersion = 16.0.29318.209
MinimumVisualStudioVersion = 10.0.40219.1
Project("{FAE04EC0-301F-11D3-BF4B-00C04F79EFBC}") = "ConsignmentShopUi", "ConsignmentShopUi\ConsignmentShopUi.csproj", "{7E130E2D-2B9E-4975-8767-3176B4ADA9E9}"
EndProject
Project("{FAE04EC0-301F-11D3-BF4B-00C04F79EFBC}") = "ConsignmentShopLibrary", "ConsignmentShopLibrary\ConsignmentShopLibrary.csproj", "{68DEBA32-73A2-4533-9359-111679F3754E}"
EndProject
Global
	GlobalSection(SolutionConfigurationPlatforms) = preSolution
		Debug|Any CPU = Debug|Any CPU
		Release|Any CPU = Release|Any CPU
	EndGlobalSection
	GlobalSection(ProjectConfigurationPlatforms) = postSolution
		{7E130E2D-2B9E-4975-8767-3176B4ADA9E9}.Debug|Any CPU.ActiveCfg = Debug|Any CPU
		{7E130E2D-2B9E-4975-8767-3176B4ADA9E9}.Debug|Any CPU.Build.0 = Debug|Any CPU
		{7E130E2D-2B9E-4975-8767-3176B4ADA9E9}.Release|Any CPU.ActiveCfg = Release|Any CPU
		{7E130E2D-2B9E-4975-8767-3176B4ADA9E9}.Release|Any CPU.Build.0 = Release|Any CPU
		{68DEBA32-73A2-4533-9359-111679F3754E}.Debug|Any CPU.ActiveCfg = Debug|Any CPU
		{68DEBA32-73A2-4533-9359-111679F3754E}.Debug|Any CPU.Build.0 = Debug|Any CPU
		{68DEBA32-73A2-4533-9359-111679F3754E}.Release|Any CPU.ActiveCfg = Release|Any CPU
		{68DEBA32-73A2-4533-9359-111679F3754E}.Release|Any CPU.Build.0 = Release|Any CPU
	EndGlobalSection
	GlobalSection(SolutionProperties) = preSolution
		HideSolutionNode = FALSE
	EndGlobalSection
	GlobalSection(ExtensibilityGlobals) = postSolution
		SolutionGuid = {904BE6BB-D2D0-4E19-91A4-06BDE29CCDA6}
	EndGlobalSection
EndGlobal
